
Microsoft Visual Studio Solution File, Format Version 12.00
# Visual Studio Version 16
VisualStudioVersion = 16.0.30907.101
MinimumVisualStudioVersion = 10.0.40219.1
Project("{FAE04EC0-301F-11D3-BF4B-00C04F79EFBC}") = "MySchool", "MySchool\MySchool.csproj", "{AF888060-D0A4-44A2-828C-316D8A18A130}"
EndProject
Global
	GlobalSection(SolutionConfigurationPlatforms) = preSolution
		Debug|Any CPU = Debug|Any CPU
		Release|Any CPU = Release|Any CPU
	EndGlobalSection
	GlobalSection(ProjectConfigurationPlatforms) = postSolution
		{AF888060-D0A4-44A2-828C-316D8A18A130}.Debug|Any CPU.ActiveCfg = Debug|Any CPU
		{AF888060-D0A4-44A2-828C-316D8A18A130}.Debug|Any CPU.Build.0 = Debug|Any CPU
		{AF888060-D0A4-44A2-828C-316D8A18A130}.Release|Any CPU.ActiveCfg = Release|Any CPU
		{AF888060-D0A4-44A2-828C-316D8A18A130}.Release|Any CPU.Build.0 = Release|Any CPU
	EndGlobalSection
	GlobalSection(SolutionProperties) = preSolution
		HideSolutionNode = FALSE
	EndGlobalSection
	GlobalSection(ExtensibilityGlobals) = postSolution
		SolutionGuid = {0D8AE13C-8FC9-48FA-8802-D99A67B53411}
	EndGlobalSection
EndGlobal
